// !$*UTF8*$!
{
	archiveVersion = 1;
	classes = {
	};
	objectVersion = 50;
	objects = {

/* Begin PBXBuildFile section */
		FC1E30BC2343A95E00BFCEB8 /* OverviewViewController.swift in Sources */ = {isa = PBXBuildFile; fileRef = FC1E30BB2343A95E00BFCEB8 /* OverviewViewController.swift */; };
		FC1E30F52344741F00BFCEB8 /* CoreData.framework in Frameworks */ = {isa = PBXBuildFile; fileRef = FC1E30F42344741F00BFCEB8 /* CoreData.framework */; };
		FCB02203233C14CB00FB1B64 /* ThirdViewController.swift in Sources */ = {isa = PBXBuildFile; fileRef = FCB02202233C14CB00FB1B64 /* ThirdViewController.swift */; };
		FCC81C902332E6AB00D88EBC /* AppDelegate.swift in Sources */ = {isa = PBXBuildFile; fileRef = FCC81C8F2332E6AB00D88EBC /* AppDelegate.swift */; };
		FCC81C922332E6AB00D88EBC /* FirstViewController.swift in Sources */ = {isa = PBXBuildFile; fileRef = FCC81C912332E6AB00D88EBC /* FirstViewController.swift */; };
		FCC81C942332E6AB00D88EBC /* SecondViewController.swift in Sources */ = {isa = PBXBuildFile; fileRef = FCC81C932332E6AB00D88EBC /* SecondViewController.swift */; };
		FCC81C972332E6AB00D88EBC /* Main.storyboard in Resources */ = {isa = PBXBuildFile; fileRef = FCC81C952332E6AB00D88EBC /* Main.storyboard */; };
		FCC81C992332E6BA00D88EBC /* Assets.xcassets in Resources */ = {isa = PBXBuildFile; fileRef = FCC81C982332E6BA00D88EBC /* Assets.xcassets */; };
		FCC81C9C2332E6BA00D88EBC /* LaunchScreen.storyboard in Resources */ = {isa = PBXBuildFile; fileRef = FCC81C9A2332E6BA00D88EBC /* LaunchScreen.storyboard */; };
		FCC81CA72332E6BA00D88EBC /* Team_1_PayrollTests.swift in Sources */ = {isa = PBXBuildFile; fileRef = FCC81CA62332E6BA00D88EBC /* Team_1_PayrollTests.swift */; };
		FCC81CB22332E6BA00D88EBC /* Team_1_PayrollUITests.swift in Sources */ = {isa = PBXBuildFile; fileRef = FCC81CB12332E6BA00D88EBC /* Team_1_PayrollUITests.swift */; };
		FCFD69592349997F00B4D14F /* SQLite.framework in Frameworks */ = {isa = PBXBuildFile; fileRef = FCFD694C234998FA00B4D14F /* SQLite.framework */; };
		FCFD695A2349997F00B4D14F /* SQLite.framework in Embed Frameworks */ = {isa = PBXBuildFile; fileRef = FCFD694C234998FA00B4D14F /* SQLite.framework */; settings = {ATTRIBUTES = (CodeSignOnCopy, RemoveHeadersOnCopy, ); }; };
		FCFD6960234AD7A400B4D14F /* MainData.xcdatamodeld in Sources */ = {isa = PBXBuildFile; fileRef = FCFD695E234AD7A400B4D14F /* MainData.xcdatamodeld */; };
		FCFD6969234AE20A00B4D14F /* PersistentContainer.swift in Sources */ = {isa = PBXBuildFile; fileRef = FCFD6968234AE20A00B4D14F /* PersistentContainer.swift */; };
/* End PBXBuildFile section */

/* Begin PBXContainerItemProxy section */
		FC1E30CB23446A9300BFCEB8 /* PBXContainerItemProxy */ = {
			isa = PBXContainerItemProxy;
			containerPortal = FC1E30C123446A9300BFCEB8 /* SQLite.xcodeproj */;
			proxyType = 2;
			remoteGlobalIDString = EE247AD31C3F04ED00AE3E12;
			remoteInfo = "SQLite iOS";
		};
		FC1E30CD23446A9300BFCEB8 /* PBXContainerItemProxy */ = {
			isa = PBXContainerItemProxy;
			containerPortal = FC1E30C123446A9300BFCEB8 /* SQLite.xcodeproj */;
			proxyType = 2;
			remoteGlobalIDString = EE247ADD1C3F04ED00AE3E12;
			remoteInfo = "SQLiteTests iOS";
		};
		FC1E30CF23446A9300BFCEB8 /* PBXContainerItemProxy */ = {
			isa = PBXContainerItemProxy;
			containerPortal = FC1E30C123446A9300BFCEB8 /* SQLite.xcodeproj */;
			proxyType = 2;
			remoteGlobalIDString = EE247B3C1C3F3ED000AE3E12;
			remoteInfo = "SQLite Mac";
		};
		FC1E30D123446A9300BFCEB8 /* PBXContainerItemProxy */ = {
			isa = PBXContainerItemProxy;
			containerPortal = FC1E30C123446A9300BFCEB8 /* SQLite.xcodeproj */;
			proxyType = 2;
			remoteGlobalIDString = EE247B451C3F3ED000AE3E12;
			remoteInfo = "SQLiteTests Mac";
		};
		FC1E30D323446A9300BFCEB8 /* PBXContainerItemProxy */ = {
			isa = PBXContainerItemProxy;
			containerPortal = FC1E30C123446A9300BFCEB8 /* SQLite.xcodeproj */;
			proxyType = 2;
			remoteGlobalIDString = 03A65E5A1C6BB0F50062603F;
			remoteInfo = "SQLite tvOS";
		};
		FC1E30D523446A9300BFCEB8 /* PBXContainerItemProxy */ = {
			isa = PBXContainerItemProxy;
			containerPortal = FC1E30C123446A9300BFCEB8 /* SQLite.xcodeproj */;
			proxyType = 2;
			remoteGlobalIDString = 03A65E631C6BB0F60062603F;
			remoteInfo = "SQLiteTests tvOS";
		};
		FC1E30D723446A9300BFCEB8 /* PBXContainerItemProxy */ = {
			isa = PBXContainerItemProxy;
			containerPortal = FC1E30C123446A9300BFCEB8 /* SQLite.xcodeproj */;
			proxyType = 2;
			remoteGlobalIDString = A121AC451CA35C79005A31D1;
			remoteInfo = "SQLite watchOS";
		};
		FCC81CA32332E6BA00D88EBC /* PBXContainerItemProxy */ = {
			isa = PBXContainerItemProxy;
			containerPortal = FCC81C842332E6AB00D88EBC /* Project object */;
			proxyType = 1;
			remoteGlobalIDString = FCC81C8B2332E6AB00D88EBC;
			remoteInfo = "Team 1 Payroll";
		};
		FCC81CAE2332E6BA00D88EBC /* PBXContainerItemProxy */ = {
			isa = PBXContainerItemProxy;
			containerPortal = FCC81C842332E6AB00D88EBC /* Project object */;
			proxyType = 1;
			remoteGlobalIDString = FCC81C8B2332E6AB00D88EBC;
			remoteInfo = "Team 1 Payroll";
		};
		FCFD694B234998FA00B4D14F /* PBXContainerItemProxy */ = {
			isa = PBXContainerItemProxy;
			containerPortal = FCFD6941234998FA00B4D14F /* SQLite.xcodeproj */;
			proxyType = 2;
			remoteGlobalIDString = EE247AD31C3F04ED00AE3E12;
			remoteInfo = "SQLite iOS";
		};
		FCFD694D234998FA00B4D14F /* PBXContainerItemProxy */ = {
			isa = PBXContainerItemProxy;
			containerPortal = FCFD6941234998FA00B4D14F /* SQLite.xcodeproj */;
			proxyType = 2;
			remoteGlobalIDString = EE247ADD1C3F04ED00AE3E12;
			remoteInfo = "SQLiteTests iOS";
		};
		FCFD694F234998FA00B4D14F /* PBXContainerItemProxy */ = {
			isa = PBXContainerItemProxy;
			containerPortal = FCFD6941234998FA00B4D14F /* SQLite.xcodeproj */;
			proxyType = 2;
			remoteGlobalIDString = EE247B3C1C3F3ED000AE3E12;
			remoteInfo = "SQLite Mac";
		};
		FCFD6951234998FA00B4D14F /* PBXContainerItemProxy */ = {
			isa = PBXContainerItemProxy;
			containerPortal = FCFD6941234998FA00B4D14F /* SQLite.xcodeproj */;
			proxyType = 2;
			remoteGlobalIDString = EE247B451C3F3ED000AE3E12;
			remoteInfo = "SQLiteTests Mac";
		};
		FCFD6953234998FA00B4D14F /* PBXContainerItemProxy */ = {
			isa = PBXContainerItemProxy;
			containerPortal = FCFD6941234998FA00B4D14F /* SQLite.xcodeproj */;
			proxyType = 2;
			remoteGlobalIDString = 03A65E5A1C6BB0F50062603F;
			remoteInfo = "SQLite tvOS";
		};
		FCFD6955234998FA00B4D14F /* PBXContainerItemProxy */ = {
			isa = PBXContainerItemProxy;
			containerPortal = FCFD6941234998FA00B4D14F /* SQLite.xcodeproj */;
			proxyType = 2;
			remoteGlobalIDString = 03A65E631C6BB0F60062603F;
			remoteInfo = "SQLiteTests tvOS";
		};
		FCFD6957234998FA00B4D14F /* PBXContainerItemProxy */ = {
			isa = PBXContainerItemProxy;
			containerPortal = FCFD6941234998FA00B4D14F /* SQLite.xcodeproj */;
			proxyType = 2;
			remoteGlobalIDString = A121AC451CA35C79005A31D1;
			remoteInfo = "SQLite watchOS";
		};
/* End PBXContainerItemProxy section */

/* Begin PBXCopyFilesBuildPhase section */
		FCFD695B2349997F00B4D14F /* Embed Frameworks */ = {
			isa = PBXCopyFilesBuildPhase;
			buildActionMask = 2147483647;
			dstPath = "";
			dstSubfolderSpec = 10;
			files = (
				FCFD695A2349997F00B4D14F /* SQLite.framework in Embed Frameworks */,
			);
			name = "Embed Frameworks";
			runOnlyForDeploymentPostprocessing = 0;
		};
/* End PBXCopyFilesBuildPhase section */

/* Begin PBXFileReference section */
		FC1E30BB2343A95E00BFCEB8 /* OverviewViewController.swift */ = {isa = PBXFileReference; lastKnownFileType = sourcecode.swift; path = OverviewViewController.swift; sourceTree = "<group>"; };
		FC1E30BD23445D2E00BFCEB8 /* Team 1 Payroll-Bridging-Header.h */ = {isa = PBXFileReference; lastKnownFileType = sourcecode.c.h; path = "Team 1 Payroll-Bridging-Header.h"; sourceTree = "<group>"; };
		FC1E30C123446A9300BFCEB8 /* SQLite.xcodeproj */ = {isa = PBXFileReference; lastKnownFileType = "wrapper.pb-project"; name = SQLite.xcodeproj; path = "../../../../Downloads/SQLite.swift-master/SQLite.xcodeproj"; sourceTree = "<group>"; };
		FC1E30F42344741F00BFCEB8 /* CoreData.framework */ = {isa = PBXFileReference; lastKnownFileType = wrapper.framework; name = CoreData.framework; path = System/Library/Frameworks/CoreData.framework; sourceTree = SDKROOT; };
		FCB02202233C14CB00FB1B64 /* ThirdViewController.swift */ = {isa = PBXFileReference; lastKnownFileType = sourcecode.swift; path = ThirdViewController.swift; sourceTree = "<group>"; };
		FCC81C8C2332E6AB00D88EBC /* Team 1 Payroll.app */ = {isa = PBXFileReference; explicitFileType = wrapper.application; includeInIndex = 0; path = "Team 1 Payroll.app"; sourceTree = BUILT_PRODUCTS_DIR; };
		FCC81C8F2332E6AB00D88EBC /* AppDelegate.swift */ = {isa = PBXFileReference; lastKnownFileType = sourcecode.swift; path = AppDelegate.swift; sourceTree = "<group>"; };
		FCC81C912332E6AB00D88EBC /* FirstViewController.swift */ = {isa = PBXFileReference; lastKnownFileType = sourcecode.swift; path = FirstViewController.swift; sourceTree = "<group>"; };
		FCC81C932332E6AB00D88EBC /* SecondViewController.swift */ = {isa = PBXFileReference; lastKnownFileType = sourcecode.swift; path = SecondViewController.swift; sourceTree = "<group>"; };
		FCC81C962332E6AB00D88EBC /* Base */ = {isa = PBXFileReference; lastKnownFileType = file.storyboard; name = Base; path = Base.lproj/Main.storyboard; sourceTree = "<group>"; };
		FCC81C982332E6BA00D88EBC /* Assets.xcassets */ = {isa = PBXFileReference; lastKnownFileType = folder.assetcatalog; path = Assets.xcassets; sourceTree = "<group>"; };
		FCC81C9B2332E6BA00D88EBC /* Base */ = {isa = PBXFileReference; lastKnownFileType = file.storyboard; name = Base; path = Base.lproj/LaunchScreen.storyboard; sourceTree = "<group>"; };
		FCC81C9D2332E6BA00D88EBC /* Info.plist */ = {isa = PBXFileReference; lastKnownFileType = text.plist.xml; path = Info.plist; sourceTree = "<group>"; };
		FCC81CA22332E6BA00D88EBC /* Team 1 PayrollTests.xctest */ = {isa = PBXFileReference; explicitFileType = wrapper.cfbundle; includeInIndex = 0; path = "Team 1 PayrollTests.xctest"; sourceTree = BUILT_PRODUCTS_DIR; };
		FCC81CA62332E6BA00D88EBC /* Team_1_PayrollTests.swift */ = {isa = PBXFileReference; lastKnownFileType = sourcecode.swift; path = Team_1_PayrollTests.swift; sourceTree = "<group>"; };
		FCC81CA82332E6BA00D88EBC /* Info.plist */ = {isa = PBXFileReference; lastKnownFileType = text.plist.xml; path = Info.plist; sourceTree = "<group>"; };
		FCC81CAD2332E6BA00D88EBC /* Team 1 PayrollUITests.xctest */ = {isa = PBXFileReference; explicitFileType = wrapper.cfbundle; includeInIndex = 0; path = "Team 1 PayrollUITests.xctest"; sourceTree = BUILT_PRODUCTS_DIR; };
		FCC81CB12332E6BA00D88EBC /* Team_1_PayrollUITests.swift */ = {isa = PBXFileReference; lastKnownFileType = sourcecode.swift; path = Team_1_PayrollUITests.swift; sourceTree = "<group>"; };
		FCC81CB32332E6BA00D88EBC /* Info.plist */ = {isa = PBXFileReference; lastKnownFileType = text.plist.xml; path = Info.plist; sourceTree = "<group>"; };
		FCC81CC22332E77C00D88EBC /* libsqlite3.tbd */ = {isa = PBXFileReference; lastKnownFileType = "sourcecode.text-based-dylib-definition"; name = libsqlite3.tbd; path = usr/lib/libsqlite3.tbd; sourceTree = SDKROOT; };
		FCC81CC42332E7E300D88EBC /* Team 1 Payroll.entitlements */ = {isa = PBXFileReference; lastKnownFileType = text.plist.entitlements; path = "Team 1 Payroll.entitlements"; sourceTree = "<group>"; };
		FCFD6941234998FA00B4D14F /* SQLite.xcodeproj */ = {isa = PBXFileReference; lastKnownFileType = "wrapper.pb-project"; name = SQLite.xcodeproj; path = "../../../Downloads/SQLite.swift-master/SQLite.xcodeproj"; sourceTree = "<group>"; };
		FCFD695F234AD7A400B4D14F /* MainData.xcdatamodel */ = {isa = PBXFileReference; lastKnownFileType = wrapper.xcdatamodel; path = MainData.xcdatamodel; sourceTree = "<group>"; };
		FCFD6968234AE20A00B4D14F /* PersistentContainer.swift */ = {isa = PBXFileReference; lastKnownFileType = sourcecode.swift; path = PersistentContainer.swift; sourceTree = "<group>"; };
/* End PBXFileReference section */

/* Begin PBXFrameworksBuildPhase section */
		FCC81C892332E6AB00D88EBC /* Frameworks */ = {
			isa = PBXFrameworksBuildPhase;
			buildActionMask = 2147483647;
			files = (
				FCFD69592349997F00B4D14F /* SQLite.framework in Frameworks */,
				FC1E30F52344741F00BFCEB8 /* CoreData.framework in Frameworks */,
			);
			runOnlyForDeploymentPostprocessing = 0;
		};
		FCC81C9F2332E6BA00D88EBC /* Frameworks */ = {
			isa = PBXFrameworksBuildPhase;
			buildActionMask = 2147483647;
			files = (
			);
			runOnlyForDeploymentPostprocessing = 0;
		};
		FCC81CAA2332E6BA00D88EBC /* Frameworks */ = {
			isa = PBXFrameworksBuildPhase;
			buildActionMask = 2147483647;
			files = (
			);
			runOnlyForDeploymentPostprocessing = 0;
		};
/* End PBXFrameworksBuildPhase section */

/* Begin PBXGroup section */
		FC1E30C223446A9300BFCEB8 /* Products */ = {
			isa = PBXGroup;
			children = (
				FC1E30CC23446A9300BFCEB8 /* SQLite.framework */,
				FC1E30CE23446A9300BFCEB8 /* SQLiteTests iOS.xctest */,
				FC1E30D023446A9300BFCEB8 /* SQLite.framework */,
				FC1E30D223446A9300BFCEB8 /* SQLiteTests Mac.xctest */,
				FC1E30D423446A9300BFCEB8 /* SQLite.framework */,
				FC1E30D623446A9300BFCEB8 /* SQLiteTests tvOS.xctest */,
				FC1E30D823446A9300BFCEB8 /* SQLite.framework */,
			);
			name = Products;
			sourceTree = "<group>";
		};
		FCC81C832332E6AB00D88EBC = {
			isa = PBXGroup;
			children = (
				FCC81C8E2332E6AB00D88EBC /* Team 1 Payroll */,
				FCC81CA52332E6BA00D88EBC /* Team 1 PayrollTests */,
				FCC81CB02332E6BA00D88EBC /* Team 1 PayrollUITests */,
				FCC81C8D2332E6AB00D88EBC /* Products */,
				FCC81CBF2332E77300D88EBC /* Frameworks */,
			);
			sourceTree = "<group>";
		};
		FCC81C8D2332E6AB00D88EBC /* Products */ = {
			isa = PBXGroup;
			children = (
				FCC81C8C2332E6AB00D88EBC /* Team 1 Payroll.app */,
				FCC81CA22332E6BA00D88EBC /* Team 1 PayrollTests.xctest */,
				FCC81CAD2332E6BA00D88EBC /* Team 1 PayrollUITests.xctest */,
			);
			name = Products;
			sourceTree = "<group>";
		};
		FCC81C8E2332E6AB00D88EBC /* Team 1 Payroll */ = {
			isa = PBXGroup;
			children = (
				FCC81CC42332E7E300D88EBC /* Team 1 Payroll.entitlements */,
				FCC81C8F2332E6AB00D88EBC /* AppDelegate.swift */,
				FCC81C912332E6AB00D88EBC /* FirstViewController.swift */,
				FCC81C932332E6AB00D88EBC /* SecondViewController.swift */,
				FCC81C952332E6AB00D88EBC /* Main.storyboard */,
				FCFD6968234AE20A00B4D14F /* PersistentContainer.swift */,
				FCFD695E234AD7A400B4D14F /* MainData.xcdatamodeld */,
				FC1E30BB2343A95E00BFCEB8 /* OverviewViewController.swift */,
				FCB02202233C14CB00FB1B64 /* ThirdViewController.swift */,
				FCC81C9A2332E6BA00D88EBC /* LaunchScreen.storyboard */,
				FCC81C9D2332E6BA00D88EBC /* Info.plist */,
				FC1E30BD23445D2E00BFCEB8 /* Team 1 Payroll-Bridging-Header.h */,
				FCC81C982332E6BA00D88EBC /* Assets.xcassets */,
			);
			path = "Team 1 Payroll";
			sourceTree = "<group>";
		};
		FCC81CA52332E6BA00D88EBC /* Team 1 PayrollTests */ = {
			isa = PBXGroup;
			children = (
				FCC81CA62332E6BA00D88EBC /* Team_1_PayrollTests.swift */,
				FCC81CA82332E6BA00D88EBC /* Info.plist */,
			);
			path = "Team 1 PayrollTests";
			sourceTree = "<group>";
		};
		FCC81CB02332E6BA00D88EBC /* Team 1 PayrollUITests */ = {
			isa = PBXGroup;
			children = (
				FCC81CB12332E6BA00D88EBC /* Team_1_PayrollUITests.swift */,
				FCC81CB32332E6BA00D88EBC /* Info.plist */,
			);
			path = "Team 1 PayrollUITests";
			sourceTree = "<group>";
		};
		FCC81CBF2332E77300D88EBC /* Frameworks */ = {
			isa = PBXGroup;
			children = (
				FCFD6941234998FA00B4D14F /* SQLite.xcodeproj */,
				FC1E30F42344741F00BFCEB8 /* CoreData.framework */,
				FC1E30C123446A9300BFCEB8 /* SQLite.xcodeproj */,
				FCC81CC22332E77C00D88EBC /* libsqlite3.tbd */,
			);
			name = Frameworks;
			sourceTree = "<group>";
		};
		FCFD6942234998FA00B4D14F /* Products */ = {
			isa = PBXGroup;
			children = (
				FCFD694C234998FA00B4D14F /* SQLite.framework */,
				FCFD694E234998FA00B4D14F /* SQLiteTests iOS.xctest */,
				FCFD6950234998FA00B4D14F /* SQLite.framework */,
				FCFD6952234998FA00B4D14F /* SQLiteTests Mac.xctest */,
				FCFD6954234998FA00B4D14F /* SQLite.framework */,
				FCFD6956234998FA00B4D14F /* SQLiteTests tvOS.xctest */,
				FCFD6958234998FA00B4D14F /* SQLite.framework */,
			);
			name = Products;
			sourceTree = "<group>";
		};
/* End PBXGroup section */

/* Begin PBXNativeTarget section */
		FCC81C8B2332E6AB00D88EBC /* Team 1 Payroll */ = {
			isa = PBXNativeTarget;
			buildConfigurationList = FCC81CB62332E6BA00D88EBC /* Build configuration list for PBXNativeTarget "Team 1 Payroll" */;
			buildPhases = (
				FCC81C882332E6AB00D88EBC /* Sources */,
				FCC81C892332E6AB00D88EBC /* Frameworks */,
				FCC81C8A2332E6AB00D88EBC /* Resources */,
				FCFD695B2349997F00B4D14F /* Embed Frameworks */,
			);
			buildRules = (
			);
			dependencies = (
			);
			name = "Team 1 Payroll";
			productName = "Team 1 Payroll";
			productReference = FCC81C8C2332E6AB00D88EBC /* Team 1 Payroll.app */;
			productType = "com.apple.product-type.application";
		};
		FCC81CA12332E6BA00D88EBC /* Team 1 PayrollTests */ = {
			isa = PBXNativeTarget;
			buildConfigurationList = FCC81CB92332E6BA00D88EBC /* Build configuration list for PBXNativeTarget "Team 1 PayrollTests" */;
			buildPhases = (
				FCC81C9E2332E6BA00D88EBC /* Sources */,
				FCC81C9F2332E6BA00D88EBC /* Frameworks */,
				FCC81CA02332E6BA00D88EBC /* Resources */,
			);
			buildRules = (
			);
			dependencies = (
				FCC81CA42332E6BA00D88EBC /* PBXTargetDependency */,
			);
			name = "Team 1 PayrollTests";
			productName = "Team 1 PayrollTests";
			productReference = FCC81CA22332E6BA00D88EBC /* Team 1 PayrollTests.xctest */;
			productType = "com.apple.product-type.bundle.unit-test";
		};
		FCC81CAC2332E6BA00D88EBC /* Team 1 PayrollUITests */ = {
			isa = PBXNativeTarget;
			buildConfigurationList = FCC81CBC2332E6BA00D88EBC /* Build configuration list for PBXNativeTarget "Team 1 PayrollUITests" */;
			buildPhases = (
				FCC81CA92332E6BA00D88EBC /* Sources */,
				FCC81CAA2332E6BA00D88EBC /* Frameworks */,
				FCC81CAB2332E6BA00D88EBC /* Resources */,
			);
			buildRules = (
			);
			dependencies = (
				FCC81CAF2332E6BA00D88EBC /* PBXTargetDependency */,
			);
			name = "Team 1 PayrollUITests";
			productName = "Team 1 PayrollUITests";
			productReference = FCC81CAD2332E6BA00D88EBC /* Team 1 PayrollUITests.xctest */;
			productType = "com.apple.product-type.bundle.ui-testing";
		};
/* End PBXNativeTarget section */

/* Begin PBXProject section */
		FCC81C842332E6AB00D88EBC /* Project object */ = {
			isa = PBXProject;
			attributes = {
				LastSwiftUpdateCheck = 1030;
				LastUpgradeCheck = 1030;
				ORGANIZATIONNAME = "Dylan Napoli apps";
				TargetAttributes = {
					FCC81C8B2332E6AB00D88EBC = {
						CreatedOnToolsVersion = 10.3;
						LastSwiftMigration = 1100;
						SystemCapabilities = {
							com.apple.DataProtection = {
								enabled = 1;
							};
						};
					};
					FCC81CA12332E6BA00D88EBC = {
						CreatedOnToolsVersion = 10.3;
						TestTargetID = FCC81C8B2332E6AB00D88EBC;
					};
					FCC81CAC2332E6BA00D88EBC = {
						CreatedOnToolsVersion = 10.3;
						TestTargetID = FCC81C8B2332E6AB00D88EBC;
					};
				};
			};
			buildConfigurationList = FCC81C872332E6AB00D88EBC /* Build configuration list for PBXProject "Team 1 Payroll" */;
			compatibilityVersion = "Xcode 9.3";
			developmentRegion = en;
			hasScannedForEncodings = 0;
			knownRegions = (
				en,
				Base,
			);
			mainGroup = FCC81C832332E6AB00D88EBC;
			productRefGroup = FCC81C8D2332E6AB00D88EBC /* Products */;
			projectDirPath = "";
			projectReferences = (
				{
					ProductGroup = FCFD6942234998FA00B4D14F /* Products */;
					ProjectRef = FCFD6941234998FA00B4D14F /* SQLite.xcodeproj */;
				},
				{
					ProductGroup = FC1E30C223446A9300BFCEB8 /* Products */;
					ProjectRef = FC1E30C123446A9300BFCEB8 /* SQLite.xcodeproj */;
				},
			);
			projectRoot = "";
			targets = (
				FCC81C8B2332E6AB00D88EBC /* Team 1 Payroll */,
				FCC81CA12332E6BA00D88EBC /* Team 1 PayrollTests */,
				FCC81CAC2332E6BA00D88EBC /* Team 1 PayrollUITests */,
			);
		};
/* End PBXProject section */

/* Begin PBXReferenceProxy section */
		FC1E30CC23446A9300BFCEB8 /* SQLite.framework */ = {
			isa = PBXReferenceProxy;
			fileType = wrapper.framework;
			path = SQLite.framework;
			remoteRef = FC1E30CB23446A9300BFCEB8 /* PBXContainerItemProxy */;
			sourceTree = BUILT_PRODUCTS_DIR;
		};
		FC1E30CE23446A9300BFCEB8 /* SQLiteTests iOS.xctest */ = {
			isa = PBXReferenceProxy;
			fileType = wrapper.cfbundle;
			path = "SQLiteTests iOS.xctest";
			remoteRef = FC1E30CD23446A9300BFCEB8 /* PBXContainerItemProxy */;
			sourceTree = BUILT_PRODUCTS_DIR;
		};
		FC1E30D023446A9300BFCEB8 /* SQLite.framework */ = {
			isa = PBXReferenceProxy;
			fileType = wrapper.framework;
			path = SQLite.framework;
			remoteRef = FC1E30CF23446A9300BFCEB8 /* PBXContainerItemProxy */;
			sourceTree = BUILT_PRODUCTS_DIR;
		};
		FC1E30D223446A9300BFCEB8 /* SQLiteTests Mac.xctest */ = {
			isa = PBXReferenceProxy;
			fileType = wrapper.cfbundle;
			path = "SQLiteTests Mac.xctest";
			remoteRef = FC1E30D123446A9300BFCEB8 /* PBXContainerItemProxy */;
			sourceTree = BUILT_PRODUCTS_DIR;
		};
		FC1E30D423446A9300BFCEB8 /* SQLite.framework */ = {
			isa = PBXReferenceProxy;
			fileType = wrapper.framework;
			path = SQLite.framework;
			remoteRef = FC1E30D323446A9300BFCEB8 /* PBXContainerItemProxy */;
			sourceTree = BUILT_PRODUCTS_DIR;
		};
		FC1E30D623446A9300BFCEB8 /* SQLiteTests tvOS.xctest */ = {
			isa = PBXReferenceProxy;
			fileType = wrapper.cfbundle;
			path = "SQLiteTests tvOS.xctest";
			remoteRef = FC1E30D523446A9300BFCEB8 /* PBXContainerItemProxy */;
			sourceTree = BUILT_PRODUCTS_DIR;
		};
		FC1E30D823446A9300BFCEB8 /* SQLite.framework */ = {
			isa = PBXReferenceProxy;
			fileType = wrapper.framework;
			path = SQLite.framework;
			remoteRef = FC1E30D723446A9300BFCEB8 /* PBXContainerItemProxy */;
			sourceTree = BUILT_PRODUCTS_DIR;
		};
		FCFD694C234998FA00B4D14F /* SQLite.framework */ = {
			isa = PBXReferenceProxy;
			fileType = wrapper.framework;
			path = SQLite.framework;
			remoteRef = FCFD694B234998FA00B4D14F /* PBXContainerItemProxy */;
			sourceTree = BUILT_PRODUCTS_DIR;
		};
		FCFD694E234998FA00B4D14F /* SQLiteTests iOS.xctest */ = {
			isa = PBXReferenceProxy;
			fileType = wrapper.cfbundle;
			path = "SQLiteTests iOS.xctest";
			remoteRef = FCFD694D234998FA00B4D14F /* PBXContainerItemProxy */;
			sourceTree = BUILT_PRODUCTS_DIR;
		};
		FCFD6950234998FA00B4D14F /* SQLite.framework */ = {
			isa = PBXReferenceProxy;
			fileType = wrapper.framework;
			path = SQLite.framework;
			remoteRef = FCFD694F234998FA00B4D14F /* PBXContainerItemProxy */;
			sourceTree = BUILT_PRODUCTS_DIR;
		};
		FCFD6952234998FA00B4D14F /* SQLiteTests Mac.xctest */ = {
			isa = PBXReferenceProxy;
			fileType = wrapper.cfbundle;
			path = "SQLiteTests Mac.xctest";
			remoteRef = FCFD6951234998FA00B4D14F /* PBXContainerItemProxy */;
			sourceTree = BUILT_PRODUCTS_DIR;
		};
		FCFD6954234998FA00B4D14F /* SQLite.framework */ = {
			isa = PBXReferenceProxy;
			fileType = wrapper.framework;
			path = SQLite.framework;
			remoteRef = FCFD6953234998FA00B4D14F /* PBXContainerItemProxy */;
			sourceTree = BUILT_PRODUCTS_DIR;
		};
		FCFD6956234998FA00B4D14F /* SQLiteTests tvOS.xctest */ = {
			isa = PBXReferenceProxy;
			fileType = wrapper.cfbundle;
			path = "SQLiteTests tvOS.xctest";
			remoteRef = FCFD6955234998FA00B4D14F /* PBXContainerItemProxy */;
			sourceTree = BUILT_PRODUCTS_DIR;
		};
		FCFD6958234998FA00B4D14F /* SQLite.framework */ = {
			isa = PBXReferenceProxy;
			fileType = wrapper.framework;
			path = SQLite.framework;
			remoteRef = FCFD6957234998FA00B4D14F /* PBXContainerItemProxy */;
			sourceTree = BUILT_PRODUCTS_DIR;
		};
/* End PBXReferenceProxy section */

/* Begin PBXResourcesBuildPhase section */
		FCC81C8A2332E6AB00D88EBC /* Resources */ = {
			isa = PBXResourcesBuildPhase;
			buildActionMask = 2147483647;
			files = (
				FCC81C9C2332E6BA00D88EBC /* LaunchScreen.storyboard in Resources */,
				FCC81C992332E6BA00D88EBC /* Assets.xcassets in Resources */,
				FCC81C972332E6AB00D88EBC /* Main.storyboard in Resources */,
			);
			runOnlyForDeploymentPostprocessing = 0;
		};
		FCC81CA02332E6BA00D88EBC /* Resources */ = {
			isa = PBXResourcesBuildPhase;
			buildActionMask = 2147483647;
			files = (
			);
			runOnlyForDeploymentPostprocessing = 0;
		};
		FCC81CAB2332E6BA00D88EBC /* Resources */ = {
			isa = PBXResourcesBuildPhase;
			buildActionMask = 2147483647;
			files = (
			);
			runOnlyForDeploymentPostprocessing = 0;
		};
/* End PBXResourcesBuildPhase section */

/* Begin PBXSourcesBuildPhase section */
		FCC81C882332E6AB00D88EBC /* Sources */ = {
			isa = PBXSourcesBuildPhase;
			buildActionMask = 2147483647;
			files = (
				FCFD6969234AE20A00B4D14F /* PersistentContainer.swift in Sources */,
				FCFD6960234AD7A400B4D14F /* MainData.xcdatamodeld in Sources */,
				FCC81C942332E6AB00D88EBC /* SecondViewController.swift in Sources */,
				FCC81C902332E6AB00D88EBC /* AppDelegate.swift in Sources */,
				FC1E30BC2343A95E00BFCEB8 /* OverviewViewController.swift in Sources */,
				FCB02203233C14CB00FB1B64 /* ThirdViewController.swift in Sources */,
				FCC81C922332E6AB00D88EBC /* FirstViewController.swift in Sources */,
			);
			runOnlyForDeploymentPostprocessing = 0;
		};
		FCC81C9E2332E6BA00D88EBC /* Sources */ = {
			isa = PBXSourcesBuildPhase;
			buildActionMask = 2147483647;
			files = (
				FCC81CA72332E6BA00D88EBC /* Team_1_PayrollTests.swift in Sources */,
			);
			runOnlyForDeploymentPostprocessing = 0;
		};
		FCC81CA92332E6BA00D88EBC /* Sources */ = {
			isa = PBXSourcesBuildPhase;
			buildActionMask = 2147483647;
			files = (
				FCC81CB22332E6BA00D88EBC /* Team_1_PayrollUITests.swift in Sources */,
			);
			runOnlyForDeploymentPostprocessing = 0;
		};
/* End PBXSourcesBuildPhase section */

/* Begin PBXTargetDependency section */
		FCC81CA42332E6BA00D88EBC /* PBXTargetDependency */ = {
			isa = PBXTargetDependency;
			target = FCC81C8B2332E6AB00D88EBC /* Team 1 Payroll */;
			targetProxy = FCC81CA32332E6BA00D88EBC /* PBXContainerItemProxy */;
		};
		FCC81CAF2332E6BA00D88EBC /* PBXTargetDependency */ = {
			isa = PBXTargetDependency;
			target = FCC81C8B2332E6AB00D88EBC /* Team 1 Payroll */;
			targetProxy = FCC81CAE2332E6BA00D88EBC /* PBXContainerItemProxy */;
		};
/* End PBXTargetDependency section */

/* Begin PBXVariantGroup section */
		FCC81C952332E6AB00D88EBC /* Main.storyboard */ = {
			isa = PBXVariantGroup;
			children = (
				FCC81C962332E6AB00D88EBC /* Base */,
			);
			name = Main.storyboard;
			sourceTree = "<group>";
		};
		FCC81C9A2332E6BA00D88EBC /* LaunchScreen.storyboard */ = {
			isa = PBXVariantGroup;
			children = (
				FCC81C9B2332E6BA00D88EBC /* Base */,
			);
			name = LaunchScreen.storyboard;
			sourceTree = "<group>";
		};
/* End PBXVariantGroup section */

/* Begin XCBuildConfiguration section */
		FCC81CB42332E6BA00D88EBC /* Debug */ = {
			isa = XCBuildConfiguration;
			buildSettings = {
				ALWAYS_SEARCH_USER_PATHS = NO;
				CLANG_ANALYZER_NONNULL = YES;
				CLANG_ANALYZER_NUMBER_OBJECT_CONVERSION = YES_AGGRESSIVE;
				CLANG_CXX_LANGUAGE_STANDARD = "gnu++14";
				CLANG_CXX_LIBRARY = "libc++";
				CLANG_ENABLE_MODULES = YES;
				CLANG_ENABLE_OBJC_ARC = YES;
				CLANG_ENABLE_OBJC_WEAK = YES;
				CLANG_WARN_BLOCK_CAPTURE_AUTORELEASING = YES;
				CLANG_WARN_BOOL_CONVERSION = YES;
				CLANG_WARN_COMMA = YES;
				CLANG_WARN_CONSTANT_CONVERSION = YES;
				CLANG_WARN_DEPRECATED_OBJC_IMPLEMENTATIONS = YES;
				CLANG_WARN_DIRECT_OBJC_ISA_USAGE = YES_ERROR;
				CLANG_WARN_DOCUMENTATION_COMMENTS = YES;
				CLANG_WARN_EMPTY_BODY = YES;
				CLANG_WARN_ENUM_CONVERSION = YES;
				CLANG_WARN_INFINITE_RECURSION = YES;
				CLANG_WARN_INT_CONVERSION = YES;
				CLANG_WARN_NON_LITERAL_NULL_CONVERSION = YES;
				CLANG_WARN_OBJC_IMPLICIT_RETAIN_SELF = YES;
				CLANG_WARN_OBJC_LITERAL_CONVERSION = YES;
				CLANG_WARN_OBJC_ROOT_CLASS = YES_ERROR;
				CLANG_WARN_RANGE_LOOP_ANALYSIS = YES;
				CLANG_WARN_STRICT_PROTOTYPES = YES;
				CLANG_WARN_SUSPICIOUS_MOVE = YES;
				CLANG_WARN_UNGUARDED_AVAILABILITY = YES_AGGRESSIVE;
				CLANG_WARN_UNREACHABLE_CODE = YES;
				CLANG_WARN__DUPLICATE_METHOD_MATCH = YES;
				CODE_SIGN_IDENTITY = "iPhone Developer";
				COPY_PHASE_STRIP = NO;
				DEBUG_INFORMATION_FORMAT = dwarf;
				ENABLE_STRICT_OBJC_MSGSEND = YES;
				ENABLE_TESTABILITY = YES;
				GCC_C_LANGUAGE_STANDARD = gnu11;
				GCC_DYNAMIC_NO_PIC = NO;
				GCC_NO_COMMON_BLOCKS = YES;
				GCC_OPTIMIZATION_LEVEL = 0;
				GCC_PREPROCESSOR_DEFINITIONS = (
					"DEBUG=1",
					"$(inherited)",
				);
				GCC_WARN_64_TO_32_BIT_CONVERSION = YES;
				GCC_WARN_ABOUT_RETURN_TYPE = YES_ERROR;
				GCC_WARN_UNDECLARED_SELECTOR = YES;
				GCC_WARN_UNINITIALIZED_AUTOS = YES_AGGRESSIVE;
				GCC_WARN_UNUSED_FUNCTION = YES;
				GCC_WARN_UNUSED_VARIABLE = YES;
				IPHONEOS_DEPLOYMENT_TARGET = 12.4;
				MTL_ENABLE_DEBUG_INFO = INCLUDE_SOURCE;
				MTL_FAST_MATH = YES;
				ONLY_ACTIVE_ARCH = YES;
				SDKROOT = iphoneos;
				SWIFT_ACTIVE_COMPILATION_CONDITIONS = DEBUG;
				SWIFT_OPTIMIZATION_LEVEL = "-Onone";
			};
			name = Debug;
		};
		FCC81CB52332E6BA00D88EBC /* Release */ = {
			isa = XCBuildConfiguration;
			buildSettings = {
				ALWAYS_SEARCH_USER_PATHS = NO;
				CLANG_ANALYZER_NONNULL = YES;
				CLANG_ANALYZER_NUMBER_OBJECT_CONVERSION = YES_AGGRESSIVE;
				CLANG_CXX_LANGUAGE_STANDARD = "gnu++14";
				CLANG_CXX_LIBRARY = "libc++";
				CLANG_ENABLE_MODULES = YES;
				CLANG_ENABLE_OBJC_ARC = YES;
				CLANG_ENABLE_OBJC_WEAK = YES;
				CLANG_WARN_BLOCK_CAPTURE_AUTORELEASING = YES;
				CLANG_WARN_BOOL_CONVERSION = YES;
				CLANG_WARN_COMMA = YES;
				CLANG_WARN_CONSTANT_CONVERSION = YES;
				CLANG_WARN_DEPRECATED_OBJC_IMPLEMENTATIONS = YES;
				CLANG_WARN_DIRECT_OBJC_ISA_USAGE = YES_ERROR;
				CLANG_WARN_DOCUMENTATION_COMMENTS = YES;
				CLANG_WARN_EMPTY_BODY = YES;
				CLANG_WARN_ENUM_CONVERSION = YES;
				CLANG_WARN_INFINITE_RECURSION = YES;
				CLANG_WARN_INT_CONVERSION = YES;
				CLANG_WARN_NON_LITERAL_NULL_CONVERSION = YES;
				CLANG_WARN_OBJC_IMPLICIT_RETAIN_SELF = YES;
				CLANG_WARN_OBJC_LITERAL_CONVERSION = YES;
				CLANG_WARN_OBJC_ROOT_CLASS = YES_ERROR;
				CLANG_WARN_RANGE_LOOP_ANALYSIS = YES;
				CLANG_WARN_STRICT_PROTOTYPES = YES;
				CLANG_WARN_SUSPICIOUS_MOVE = YES;
				CLANG_WARN_UNGUARDED_AVAILABILITY = YES_AGGRESSIVE;
				CLANG_WARN_UNREACHABLE_CODE = YES;
				CLANG_WARN__DUPLICATE_METHOD_MATCH = YES;
				CODE_SIGN_IDENTITY = "iPhone Developer";
				COPY_PHASE_STRIP = NO;
				DEBUG_INFORMATION_FORMAT = "dwarf-with-dsym";
				ENABLE_NS_ASSERTIONS = NO;
				ENABLE_STRICT_OBJC_MSGSEND = YES;
				GCC_C_LANGUAGE_STANDARD = gnu11;
				GCC_NO_COMMON_BLOCKS = YES;
				GCC_WARN_64_TO_32_BIT_CONVERSION = YES;
				GCC_WARN_ABOUT_RETURN_TYPE = YES_ERROR;
				GCC_WARN_UNDECLARED_SELECTOR = YES;
				GCC_WARN_UNINITIALIZED_AUTOS = YES_AGGRESSIVE;
				GCC_WARN_UNUSED_FUNCTION = YES;
				GCC_WARN_UNUSED_VARIABLE = YES;
				IPHONEOS_DEPLOYMENT_TARGET = 12.4;
				MTL_ENABLE_DEBUG_INFO = NO;
				MTL_FAST_MATH = YES;
				SDKROOT = iphoneos;
				SWIFT_COMPILATION_MODE = wholemodule;
				SWIFT_OPTIMIZATION_LEVEL = "-O";
				VALIDATE_PRODUCT = YES;
			};
			name = Release;
		};
		FCC81CB72332E6BA00D88EBC /* Debug */ = {
			isa = XCBuildConfiguration;
			buildSettings = {
				ASSETCATALOG_COMPILER_APPICON_NAME = AppIcon;
				CLANG_ENABLE_MODULES = YES;
				CODE_SIGN_ENTITLEMENTS = "Team 1 Payroll/Team 1 Payroll.entitlements";
				CODE_SIGN_STYLE = Automatic;
				DEVELOPMENT_TEAM = D25BU4KCUQ;
				INFOPLIST_FILE = "Team 1 Payroll/Info.plist";
				LD_RUNPATH_SEARCH_PATHS = (
					"$(inherited)",
					"@executable_path/Frameworks",
				);
				PRODUCT_BUNDLE_IDENTIFIER = "com.DylanNapoli.Team-1-Payroll";
				PRODUCT_NAME = "$(TARGET_NAME)";
				SWIFT_OBJC_BRIDGING_HEADER = "Team 1 Payroll/Team 1 Payroll-Bridging-Header.h";
				SWIFT_OPTIMIZATION_LEVEL = "-Onone";
				SWIFT_VERSION = 5.0;
				TARGETED_DEVICE_FAMILY = "1,2";
			};
			name = Debug;
		};
		FCC81CB82332E6BA00D88EBC /* Release */ = {
			isa = XCBuildConfiguration;
			buildSettings = {
				ASSETCATALOG_COMPILER_APPICON_NAME = AppIcon;
				CLANG_ENABLE_MODULES = YES;
				CODE_SIGN_ENTITLEMENTS = "Team 1 Payroll/Team 1 Payroll.entitlements";
				CODE_SIGN_STYLE = Automatic;
				DEVELOPMENT_TEAM = D25BU4KCUQ;
				INFOPLIST_FILE = "Team 1 Payroll/Info.plist";
				LD_RUNPATH_SEARCH_PATHS = (
					"$(inherited)",
					"@executable_path/Frameworks",
				);
				PRODUCT_BUNDLE_IDENTIFIER = "com.DylanNapoli.Team-1-Payroll";
				PRODUCT_NAME = "$(TARGET_NAME)";
				SWIFT_OBJC_BRIDGING_HEADER = "Team 1 Payroll/Team 1 Payroll-Bridging-Header.h";
				SWIFT_VERSION = 5.0;
				TARGETED_DEVICE_FAMILY = "1,2";
			};
			name = Release;
		};
		FCC81CBA2332E6BA00D88EBC /* Debug */ = {
			isa = XCBuildConfiguration;
			buildSettings = {
				ALWAYS_EMBED_SWIFT_STANDARD_LIBRARIES = YES;
				BUNDLE_LOADER = "$(TEST_HOST)";
				CODE_SIGN_STYLE = Automatic;
				DEVELOPMENT_TEAM = D25BU4KCUQ;
				INFOPLIST_FILE = "Team 1 PayrollTests/Info.plist";
				LD_RUNPATH_SEARCH_PATHS = (
					"$(inherited)",
					"@executable_path/Frameworks",
					"@loader_path/Frameworks",
				);
				PRODUCT_BUNDLE_IDENTIFIER = "com.DylanNapoli.Team-1-PayrollTests";
				PRODUCT_NAME = "$(TARGET_NAME)";
				SWIFT_VERSION = 5.0;
				TARGETED_DEVICE_FAMILY = "1,2";
				TEST_HOST = "$(BUILT_PRODUCTS_DIR)/Team 1 Payroll.app/Team 1 Payroll";
			};
			name = Debug;
		};
		FCC81CBB2332E6BA00D88EBC /* Release */ = {
			isa = XCBuildConfiguration;
			buildSettings = {
				ALWAYS_EMBED_SWIFT_STANDARD_LIBRARIES = YES;
				BUNDLE_LOADER = "$(TEST_HOST)";
				CODE_SIGN_STYLE = Automatic;
				DEVELOPMENT_TEAM = D25BU4KCUQ;
				INFOPLIST_FILE = "Team 1 PayrollTests/Info.plist";
				LD_RUNPATH_SEARCH_PATHS = (
					"$(inherited)",
					"@executable_path/Frameworks",
					"@loader_path/Frameworks",
				);
				PRODUCT_BUNDLE_IDENTIFIER = "com.DylanNapoli.Team-1-PayrollTests";
				PRODUCT_NAME = "$(TARGET_NAME)";
				SWIFT_VERSION = 5.0;
				TARGETED_DEVICE_FAMILY = "1,2";
				TEST_HOST = "$(BUILT_PRODUCTS_DIR)/Team 1 Payroll.app/Team 1 Payroll";
			};
			name = Release;
		};
		FCC81CBD2332E6BA00D88EBC /* Debug */ = {
			isa = XCBuildConfiguration;
			buildSettings = {
				ALWAYS_EMBED_SWIFT_STANDARD_LIBRARIES = YES;
				CODE_SIGN_STYLE = Automatic;
				DEVELOPMENT_TEAM = D25BU4KCUQ;
				INFOPLIST_FILE = "Team 1 PayrollUITests/Info.plist";
				LD_RUNPATH_SEARCH_PATHS = (
					"$(inherited)",
					"@executable_path/Frameworks",
					"@loader_path/Frameworks",
				);
				PRODUCT_BUNDLE_IDENTIFIER = "com.DylanNapoli.Team-1-PayrollUITests";
				PRODUCT_NAME = "$(TARGET_NAME)";
				SWIFT_VERSION = 5.0;
				TARGETED_DEVICE_FAMILY = "1,2";
				TEST_TARGET_NAME = "Team 1 Payroll";
			};
			name = Debug;
		};
		FCC81CBE2332E6BA00D88EBC /* Release */ = {
			isa = XCBuildConfiguration;
			buildSettings = {
				ALWAYS_EMBED_SWIFT_STANDARD_LIBRARIES = YES;
				CODE_SIGN_STYLE = Automatic;
				DEVELOPMENT_TEAM = D25BU4KCUQ;
				INFOPLIST_FILE = "Team 1 PayrollUITests/Info.plist";
				LD_RUNPATH_SEARCH_PATHS = (
					"$(inherited)",
					"@executable_path/Frameworks",
					"@loader_path/Frameworks",
				);
				PRODUCT_BUNDLE_IDENTIFIER = "com.DylanNapoli.Team-1-PayrollUITests";
				PRODUCT_NAME = "$(TARGET_NAME)";
				SWIFT_VERSION = 5.0;
				TARGETED_DEVICE_FAMILY = "1,2";
				TEST_TARGET_NAME = "Team 1 Payroll";
			};
			name = Release;
		};
/* End XCBuildConfiguration section */

/* Begin XCConfigurationList section */
		FCC81C872332E6AB00D88EBC /* Build configuration list for PBXProject "Team 1 Payroll" */ = {
			isa = XCConfigurationList;
			buildConfigurations = (
				FCC81CB42332E6BA00D88EBC /* Debug */,
				FCC81CB52332E6BA00D88EBC /* Release */,
			);
			defaultConfigurationIsVisible = 0;
			defaultConfigurationName = Release;
		};
		FCC81CB62332E6BA00D88EBC /* Build configuration list for PBXNativeTarget "Team 1 Payroll" */ = {
			isa = XCConfigurationList;
			buildConfigurations = (
				FCC81CB72332E6BA00D88EBC /* Debug */,
				FCC81CB82332E6BA00D88EBC /* Release */,
			);
			defaultConfigurationIsVisible = 0;
			defaultConfigurationName = Release;
		};
		FCC81CB92332E6BA00D88EBC /* Build configuration list for PBXNativeTarget "Team 1 PayrollTests" */ = {
			isa = XCConfigurationList;
			buildConfigurations = (
				FCC81CBA2332E6BA00D88EBC /* Debug */,
				FCC81CBB2332E6BA00D88EBC /* Release */,
			);
			defaultConfigurationIsVisible = 0;
			defaultConfigurationName = Release;
		};
		FCC81CBC2332E6BA00D88EBC /* Build configuration list for PBXNativeTarget "Team 1 PayrollUITests" */ = {
			isa = XCConfigurationList;
			buildConfigurations = (
				FCC81CBD2332E6BA00D88EBC /* Debug */,
				FCC81CBE2332E6BA00D88EBC /* Release */,
			);
			defaultConfigurationIsVisible = 0;
			defaultConfigurationName = Release;
		};
/* End XCConfigurationList section */

/* Begin XCVersionGroup section */
		FCFD695E234AD7A400B4D14F /* MainData.xcdatamodeld */ = {
			isa = XCVersionGroup;
			children = (
				FCFD695F234AD7A400B4D14F /* MainData.xcdatamodel */,
			);
			currentVersion = FCFD695F234AD7A400B4D14F /* MainData.xcdatamodel */;
			path = MainData.xcdatamodeld;
			sourceTree = "<group>";
			versionGroupType = wrapper.xcdatamodel;
		};
/* End XCVersionGroup section */
	};
	rootObject = FCC81C842332E6AB00D88EBC /* Project object */;
}
